
Microsoft Visual Studio Solution File, Format Version 12.00
# Visual Studio 15
VisualStudioVersion = 15.0.27004.2002
MinimumVisualStudioVersion = 10.0.40219.1
Project("{FAE04EC0-301F-11D3-BF4B-00C04F79EFBC}") = "EvilFizzBuzz", "EvilFizzBuzz\EvilFizzBuzz.csproj", "{0001EEA8-6F4B-4B03-A2D1-0A96D1B00E9D}"
EndProject
Project("{FAE04EC0-301F-11D3-BF4B-00C04F79EFBC}") = "EvilFizzBuzzTests", "EvilFizzBuzzTests\EvilFizzBuzzTests.csproj", "{68CC9992-D4E2-458A-ABE0-234BBCC1E77A}"
EndProject
Project("{FAE04EC0-301F-11D3-BF4B-00C04F79EFBC}") = "GenerateCommaDelimSeq", "GenerateCommaDelimSeq\GenerateCommaDelimSeq.csproj", "{0F969B10-6C5C-4555-9329-FE842B71E9E1}"
EndProject
Project("{FAE04EC0-301F-11D3-BF4B-00C04F79EFBC}") = "GenerateCommaDelimSeq_Test", "GenerateCommaDelimSeq_Test\GenerateCommaDelimSeq_Test.csproj", "{C72D4017-06B9-43D8-9985-54FA37959BF5}"
EndProject
Global
	GlobalSection(SolutionConfigurationPlatforms) = preSolution
		Debug|Any CPU = Debug|Any CPU
		Release|Any CPU = Release|Any CPU
	EndGlobalSection
	GlobalSection(ProjectConfigurationPlatforms) = postSolution
		{0001EEA8-6F4B-4B03-A2D1-0A96D1B00E9D}.Debug|Any CPU.ActiveCfg = Debug|Any CPU
		{0001EEA8-6F4B-4B03-A2D1-0A96D1B00E9D}.Debug|Any CPU.Build.0 = Debug|Any CPU
		{0001EEA8-6F4B-4B03-A2D1-0A96D1B00E9D}.Release|Any CPU.ActiveCfg = Release|Any CPU
		{0001EEA8-6F4B-4B03-A2D1-0A96D1B00E9D}.Release|Any CPU.Build.0 = Release|Any CPU
		{68CC9992-D4E2-458A-ABE0-234BBCC1E77A}.Debug|Any CPU.ActiveCfg = Debug|Any CPU
		{68CC9992-D4E2-458A-ABE0-234BBCC1E77A}.Debug|Any CPU.Build.0 = Debug|Any CPU
		{68CC9992-D4E2-458A-ABE0-234BBCC1E77A}.Release|Any CPU.ActiveCfg = Release|Any CPU
		{68CC9992-D4E2-458A-ABE0-234BBCC1E77A}.Release|Any CPU.Build.0 = Release|Any CPU
		{0F969B10-6C5C-4555-9329-FE842B71E9E1}.Debug|Any CPU.ActiveCfg = Debug|Any CPU
		{0F969B10-6C5C-4555-9329-FE842B71E9E1}.Debug|Any CPU.Build.0 = Debug|Any CPU
		{0F969B10-6C5C-4555-9329-FE842B71E9E1}.Release|Any CPU.ActiveCfg = Release|Any CPU
		{0F969B10-6C5C-4555-9329-FE842B71E9E1}.Release|Any CPU.Build.0 = Release|Any CPU
		{C72D4017-06B9-43D8-9985-54FA37959BF5}.Debug|Any CPU.ActiveCfg = Debug|Any CPU
		{C72D4017-06B9-43D8-9985-54FA37959BF5}.Debug|Any CPU.Build.0 = Debug|Any CPU
		{C72D4017-06B9-43D8-9985-54FA37959BF5}.Release|Any CPU.ActiveCfg = Release|Any CPU
		{C72D4017-06B9-43D8-9985-54FA37959BF5}.Release|Any CPU.Build.0 = Release|Any CPU
	EndGlobalSection
	GlobalSection(SolutionProperties) = preSolution
		HideSolutionNode = FALSE
	EndGlobalSection
	GlobalSection(ExtensibilityGlobals) = postSolution
		SolutionGuid = {BC94BA50-CC95-4812-92E8-14A4AFB113BC}
	EndGlobalSection
EndGlobal
